
Microsoft Visual Studio Solution File, Format Version 12.00
# Visual Studio 14
VisualStudioVersion = 14.0.24720.0
MinimumVisualStudioVersion = 10.0.40219.1
Project("{FAE04EC0-301F-11D3-BF4B-00C04F79EFBC}") = "TrainingModule", "StarcraftNeuralNetAi\TrainingModule.csproj", "{ED962A5C-9BC5-464C-B061-5761D51C0260}"
EndProject
Project("{FAE04EC0-301F-11D3-BF4B-00C04F79EFBC}") = "AttackAnalysisModule", "AttackAnalysisModule\AttackAnalysisModule.csproj", "{011D71B5-97AD-44D3-9102-649B5E8ED1AB}"
EndProject
Project("{FAE04EC0-301F-11D3-BF4B-00C04F79EFBC}") = "NeuralNetBuilderCSV", "NeuralNetBuilderCSV\NeuralNetBuilderCSV.csproj", "{BFEEE892-33CA-4411-9B8F-26E522DBE96B}"
EndProject
Global
	GlobalSection(SolutionConfigurationPlatforms) = preSolution
		Debug|Any CPU = Debug|Any CPU
		Debug|ARM = Debug|ARM
		Debug|x64 = Debug|x64
		Debug|x86 = Debug|x86
		Release|Any CPU = Release|Any CPU
		Release|ARM = Release|ARM
		Release|x64 = Release|x64
		Release|x86 = Release|x86
	EndGlobalSection
	GlobalSection(ProjectConfigurationPlatforms) = postSolution
		{ED962A5C-9BC5-464C-B061-5761D51C0260}.Debug|Any CPU.ActiveCfg = Debug|Any CPU
		{ED962A5C-9BC5-464C-B061-5761D51C0260}.Debug|Any CPU.Build.0 = Debug|Any CPU
		{ED962A5C-9BC5-464C-B061-5761D51C0260}.Debug|ARM.ActiveCfg = Debug|Any CPU
		{ED962A5C-9BC5-464C-B061-5761D51C0260}.Debug|ARM.Build.0 = Debug|Any CPU
		{ED962A5C-9BC5-464C-B061-5761D51C0260}.Debug|x64.ActiveCfg = Debug|Any CPU
		{ED962A5C-9BC5-464C-B061-5761D51C0260}.Debug|x64.Build.0 = Debug|Any CPU
		{ED962A5C-9BC5-464C-B061-5761D51C0260}.Debug|x86.ActiveCfg = Debug|x86
		{ED962A5C-9BC5-464C-B061-5761D51C0260}.Debug|x86.Build.0 = Debug|x86
		{ED962A5C-9BC5-464C-B061-5761D51C0260}.Release|Any CPU.ActiveCfg = Release|Any CPU
		{ED962A5C-9BC5-464C-B061-5761D51C0260}.Release|Any CPU.Build.0 = Release|Any CPU
		{ED962A5C-9BC5-464C-B061-5761D51C0260}.Release|ARM.ActiveCfg = Release|Any CPU
		{ED962A5C-9BC5-464C-B061-5761D51C0260}.Release|ARM.Build.0 = Release|Any CPU
		{ED962A5C-9BC5-464C-B061-5761D51C0260}.Release|x64.ActiveCfg = Release|Any CPU
		{ED962A5C-9BC5-464C-B061-5761D51C0260}.Release|x64.Build.0 = Release|Any CPU
		{ED962A5C-9BC5-464C-B061-5761D51C0260}.Release|x86.ActiveCfg = Release|x86
		{ED962A5C-9BC5-464C-B061-5761D51C0260}.Release|x86.Build.0 = Release|x86
		{011D71B5-97AD-44D3-9102-649B5E8ED1AB}.Debug|Any CPU.ActiveCfg = Debug|Any CPU
		{011D71B5-97AD-44D3-9102-649B5E8ED1AB}.Debug|Any CPU.Build.0 = Debug|Any CPU
		{011D71B5-97AD-44D3-9102-649B5E8ED1AB}.Debug|ARM.ActiveCfg = Debug|Any CPU
		{011D71B5-97AD-44D3-9102-649B5E8ED1AB}.Debug|ARM.Build.0 = Debug|Any CPU
		{011D71B5-97AD-44D3-9102-649B5E8ED1AB}.Debug|x64.ActiveCfg = Debug|Any CPU
		{011D71B5-97AD-44D3-9102-649B5E8ED1AB}.Debug|x64.Build.0 = Debug|Any CPU
		{011D71B5-97AD-44D3-9102-649B5E8ED1AB}.Debug|x86.ActiveCfg = Debug|Any CPU
		{011D71B5-97AD-44D3-9102-649B5E8ED1AB}.Debug|x86.Build.0 = Debug|Any CPU
		{011D71B5-97AD-44D3-9102-649B5E8ED1AB}.Release|Any CPU.ActiveCfg = Release|Any CPU
		{011D71B5-97AD-44D3-9102-649B5E8ED1AB}.Release|Any CPU.Build.0 = Release|Any CPU
		{011D71B5-97AD-44D3-9102-649B5E8ED1AB}.Release|ARM.ActiveCfg = Release|Any CPU
		{011D71B5-97AD-44D3-9102-649B5E8ED1AB}.Release|ARM.Build.0 = Release|Any CPU
		{011D71B5-97AD-44D3-9102-649B5E8ED1AB}.Release|x64.ActiveCfg = Release|Any CPU
		{011D71B5-97AD-44D3-9102-649B5E8ED1AB}.Release|x64.Build.0 = Release|Any CPU
		{011D71B5-97AD-44D3-9102-649B5E8ED1AB}.Release|x86.ActiveCfg = Release|Any CPU
		{011D71B5-97AD-44D3-9102-649B5E8ED1AB}.Release|x86.Build.0 = Release|Any CPU
		{BFEEE892-33CA-4411-9B8F-26E522DBE96B}.Debug|Any CPU.ActiveCfg = Debug|Any CPU
		{BFEEE892-33CA-4411-9B8F-26E522DBE96B}.Debug|Any CPU.Build.0 = Debug|Any CPU
		{BFEEE892-33CA-4411-9B8F-26E522DBE96B}.Debug|ARM.ActiveCfg = Debug|Any CPU
		{BFEEE892-33CA-4411-9B8F-26E522DBE96B}.Debug|ARM.Build.0 = Debug|Any CPU
		{BFEEE892-33CA-4411-9B8F-26E522DBE96B}.Debug|x64.ActiveCfg = Debug|Any CPU
		{BFEEE892-33CA-4411-9B8F-26E522DBE96B}.Debug|x64.Build.0 = Debug|Any CPU
		{BFEEE892-33CA-4411-9B8F-26E522DBE96B}.Debug|x86.ActiveCfg = Debug|Any CPU
		{BFEEE892-33CA-4411-9B8F-26E522DBE96B}.Debug|x86.Build.0 = Debug|Any CPU
		{BFEEE892-33CA-4411-9B8F-26E522DBE96B}.Release|Any CPU.ActiveCfg = Release|Any CPU
		{BFEEE892-33CA-4411-9B8F-26E522DBE96B}.Release|Any CPU.Build.0 = Release|Any CPU
		{BFEEE892-33CA-4411-9B8F-26E522DBE96B}.Release|ARM.ActiveCfg = Release|Any CPU
		{BFEEE892-33CA-4411-9B8F-26E522DBE96B}.Release|ARM.Build.0 = Release|Any CPU
		{BFEEE892-33CA-4411-9B8F-26E522DBE96B}.Release|x64.ActiveCfg = Release|Any CPU
		{BFEEE892-33CA-4411-9B8F-26E522DBE96B}.Release|x64.Build.0 = Release|Any CPU
		{BFEEE892-33CA-4411-9B8F-26E522DBE96B}.Release|x86.ActiveCfg = Release|Any CPU
		{BFEEE892-33CA-4411-9B8F-26E522DBE96B}.Release|x86.Build.0 = Release|Any CPU
	EndGlobalSection
	GlobalSection(SolutionProperties) = preSolution
		HideSolutionNode = FALSE
	EndGlobalSection
EndGlobal
